{
    "_readme": [
        "This file locks the dependencies of your project to a known state",
        "Read more about it at https://getcomposer.org/doc/01-basic-usage.md#installing-dependencies",
        "This file is @generated automatically"
    ],
    "content-hash": "a655b41c5a0f82221c88bf21f05fe4e5",
    "packages": [
        {
            "name": "google/protobuf",
            "version": "v3.6.0.1",
            "source": {
                "type": "git",
                "url": "https://github.com/google/protobuf.git",
                "reference": "ce044817c7ba0aea27c3fd8e496635d94d20a755"
            },
            "dist": {
                "type": "zip",
                "url": "https://api.github.com/repos/google/protobuf/zipball/ce044817c7ba0aea27c3fd8e496635d94d20a755",
                "reference": "ce044817c7ba0aea27c3fd8e496635d94d20a755",
                "shasum": ""
            },
            "require": {
                "php": ">=5.5.0"
            },
            "require-dev": {
                "phpunit/phpunit": ">=4.8.0"
            },
            "suggest": {
                "ext-bcmath": "Need to support JSON deserialization"
            },
            "type": "library",
            "autoload": {
                "psr-4": {
                    "Google\\Protobuf\\": "php/src/Google/Protobuf",
                    "GPBMetadata\\Google\\Protobuf\\": "php/src/GPBMetadata/Google/Protobuf"
                }
            },
            "notification-url": "https://packagist.org/downloads/",
            "license": [
                "BSD-3-Clause"
            ],
            "description": "proto library for PHP",
            "homepage": "https://developers.google.com/protocol-buffers/",
            "keywords": [
                "proto"
            ],
            "time": "2018-06-08T01:16:44+00:00"
        }
    ],
    "packages-dev": [],
    "aliases": [],
    "minimum-stability": "stable",
    "stability-flags": [],
    "prefer-stable": false,
    "prefer-lowest": false,
    "platform": [],
    "platform-dev": []
}
